
Microsoft Visual Studio Solution File, Format Version 12.00
# Visual Studio Version 17
VisualStudioVersion = 17.0.32112.339
MinimumVisualStudioVersion = 10.0.40219.1
Project("{FAE04EC0-301F-11D3-BF4B-00C04F79EFBC}") = "Calculadora.Interface", "Calculadora.interface\Calculadora.Interface.csproj", "{12ABC339-B2C1-4D8D-BE66-2051F0473338}"
EndProject
Global
	GlobalSection(SolutionConfigurationPlatforms) = preSolution
		Debug|Any CPU = Debug|Any CPU
		Release|Any CPU = Release|Any CPU
	EndGlobalSection
	GlobalSection(ProjectConfigurationPlatforms) = postSolution
		{12ABC339-B2C1-4D8D-BE66-2051F0473338}.Debug|Any CPU.ActiveCfg = Debug|Any CPU
		{12ABC339-B2C1-4D8D-BE66-2051F0473338}.Debug|Any CPU.Build.0 = Debug|Any CPU
		{12ABC339-B2C1-4D8D-BE66-2051F0473338}.Release|Any CPU.ActiveCfg = Release|Any CPU
		{12ABC339-B2C1-4D8D-BE66-2051F0473338}.Release|Any CPU.Build.0 = Release|Any CPU
	EndGlobalSection
	GlobalSection(SolutionProperties) = preSolution
		HideSolutionNode = FALSE
	EndGlobalSection
	GlobalSection(ExtensibilityGlobals) = postSolution
		SolutionGuid = {1840E384-6590-40EC-9C5D-4AD226103876}
	EndGlobalSection
EndGlobal
